
Microsoft Visual Studio Solution File, Format Version 12.00
# Visual Studio Version 17
VisualStudioVersion = 17.7.34009.444
MinimumVisualStudioVersion = 10.0.40219.1
Project("{FAE04EC0-301F-11D3-BF4B-00C04F79EFBC}") = "Exercicio_1", "Exercicio_1\Exercicio_1.csproj", "{CA823A61-B97D-48C9-AEF3-1ECE9DC3B702}"
EndProject
Global
	GlobalSection(SolutionConfigurationPlatforms) = preSolution
		Debug|Any CPU = Debug|Any CPU
		Release|Any CPU = Release|Any CPU
	EndGlobalSection
	GlobalSection(ProjectConfigurationPlatforms) = postSolution
		{CA823A61-B97D-48C9-AEF3-1ECE9DC3B702}.Debug|Any CPU.ActiveCfg = Debug|Any CPU
		{CA823A61-B97D-48C9-AEF3-1ECE9DC3B702}.Debug|Any CPU.Build.0 = Debug|Any CPU
		{CA823A61-B97D-48C9-AEF3-1ECE9DC3B702}.Release|Any CPU.ActiveCfg = Release|Any CPU
		{CA823A61-B97D-48C9-AEF3-1ECE9DC3B702}.Release|Any CPU.Build.0 = Release|Any CPU
	EndGlobalSection
	GlobalSection(SolutionProperties) = preSolution
		HideSolutionNode = FALSE
	EndGlobalSection
	GlobalSection(ExtensibilityGlobals) = postSolution
		SolutionGuid = {7D8D49D6-B3EA-4D25-B581-B8CDAF782BE6}
	EndGlobalSection
EndGlobal
